{
  "requires": true,
  "lockfileVersion": 1,
  "dependencies": {
    "nuxt-webfontloader": {
      "version": "1.0.0",
      "resolved": "https://registry.npmjs.org/nuxt-webfontloader/-/nuxt-webfontloader-1.0.0.tgz",
      "integrity": "sha512-1YsAzAN2SZGmrf9LvOrpGdnffEeOnh426NUgkhdMLDRSJxk6qdo+M23julOtAJPaF4oXE4rx9okGvDDFvvGUkg==",
      "requires": {
        "webfontloader": "^1.6.28"
      }
    },
    "webfontloader": {
      "version": "1.6.28",
      "resolved": "https://registry.npmjs.org/webfontloader/-/webfontloader-1.6.28.tgz",
      "integrity": "sha1-23hhKSU8tujq5UwvsF+HCvZnW64="
    }
  }
}
